
Microsoft Visual Studio Solution File, Format Version 12.00
# Visual Studio Version 16
VisualStudioVersion = 16.0.31129.286
MinimumVisualStudioVersion = 10.0.40219.1
Project("{9A19103F-16F7-4668-BE54-9A1E7A4F7556}") = "Calculando Numeros Primos", "Calculando Numeros Primos\Calculando Numeros Primos.csproj", "{A14E0D92-8FFD-4332-BB36-F3D6D8062CB2}"
EndProject
Project("{2150E333-8FDC-42A3-9474-1A3956D46DE8}") = "Solution Items", "Solution Items", "{189640DA-2676-4896-9EA9-D1B06366BB7B}"
	ProjectSection(SolutionItems) = preProject
		.editorconfig = .editorconfig
	EndProjectSection
EndProject
Global
	GlobalSection(SolutionConfigurationPlatforms) = preSolution
		Debug|Any CPU = Debug|Any CPU
		Release|Any CPU = Release|Any CPU
	EndGlobalSection
	GlobalSection(ProjectConfigurationPlatforms) = postSolution
		{A14E0D92-8FFD-4332-BB36-F3D6D8062CB2}.Debug|Any CPU.ActiveCfg = Debug|Any CPU
		{A14E0D92-8FFD-4332-BB36-F3D6D8062CB2}.Debug|Any CPU.Build.0 = Debug|Any CPU
		{A14E0D92-8FFD-4332-BB36-F3D6D8062CB2}.Release|Any CPU.ActiveCfg = Release|Any CPU
		{A14E0D92-8FFD-4332-BB36-F3D6D8062CB2}.Release|Any CPU.Build.0 = Release|Any CPU
	EndGlobalSection
	GlobalSection(SolutionProperties) = preSolution
		HideSolutionNode = FALSE
	EndGlobalSection
	GlobalSection(ExtensibilityGlobals) = postSolution
		SolutionGuid = {9DD67FD7-FEFA-48AC-820D-3F9093D3C0C4}
	EndGlobalSection
EndGlobal
